{
  "name": "computerblade-official.github.io",
  "lockfileVersion": 3,
  "requires": true,
  "packages": {
    "": {
      "dependencies": {
        "7.css": "^0.17.0"
      }
    },
    "node_modules/7.css": {
      "version": "0.17.0",
      "resolved": "https://registry.npmjs.org/7.css/-/7.css-0.17.0.tgz",
      "integrity": "sha512-U4DqX1WDFDbG6C9Myw/s2tgPapP8bkEYAd4tCchv3Zrjuugye3Fjv3IK32nq2cRO1Y4SnkbsBlyvu+o51rnPGg==",
      "license": "MIT"
    }
  }
}
